<?xml version="1.0" encoding="utf-8"?>
<Project ToolsVersion="4.0" xmlns="http://schemas.microsoft.com/developer/msbuild/2003">
  <ItemGroup>
    <Filter Include="Source Files">
      <UniqueIdentifier>{4FC737F1-C7A5-4376-A066-2A32D752A2FF}</UniqueIdentifier>
      <Extensions>cpp;c;cc;cxx;c++;cppm;ixx;def;odl;idl;hpj;bat;asm;asmx</Extensions>
    </Filter>
    <Filter Include="Interfaces">
      <UniqueIdentifier>{219dc2ad-348e-42ce-9c9a-b21f72f4ca43}</UniqueIdentifier>
    </Filter>
    <Filter Include="Db_Storables">
      <UniqueIdentifier>{3e8f72c7-d29d-4a1d-b309-bc8097b2d6ce}</UniqueIdentifier>
    </Filter>
    <Filter Include="Tools">
      <UniqueIdentifier>{9d9742f7-799f-465d-8c38-3fcb02008706}</UniqueIdentifier>
    </Filter>
    <Filter Include="Not_Used">
      <UniqueIdentifier>{93995380-89BD-4b04-88EB-625FBE52EBFB}</UniqueIdentifier>
      <Extensions>h;hh;hpp;hxx;h++;hm;inl;inc;ipp;xsd</Extensions>
    </Filter>
    <Filter Include="Global_Entities">
      <UniqueIdentifier>{0f29b13c-f653-4b23-a057-09f9376e52ea}</UniqueIdentifier>
    </Filter>
  </ItemGroup>
  <ItemGroup>
    <ClInclude Include="IIdentifiable.h">
      <Filter>Interfaces</Filter>
    </ClInclude>
    <ClInclude Include="INameable.h">
      <Filter>Interfaces</Filter>
    </ClInclude>
    <ClInclude Include="IObject.h">
      <Filter>Interfaces</Filter>
    </ClInclude>
    <ClInclude Include="CLI_old.txt">
      <Filter>Not_Used</Filter>
    </ClInclude>
    <ClInclude Include="SubscribedCustomer.h">
      <Filter>Db_Storables</Filter>
    </ClInclude>
    <ClInclude Include="Product.h">
      <Filter>Db_Storables</Filter>
    </ClInclude>
    <ClInclude Include="Log.h">
      <Filter>Db_Storables</Filter>
    </ClInclude>
    <ClInclude Include="Employee.h">
      <Filter>Db_Storables</Filter>
    </ClInclude>
    <ClInclude Include="Customer.h">
      <Filter>Db_Storables</Filter>
    </ClInclude>
    <ClInclude Include="Regex-PresudoJSONParser.h">
      <Filter>Tools</Filter>
    </ClInclude>
    <ClInclude Include="ObjectFactory.h">
      <Filter>Tools</Filter>
    </ClInclude>
    <ClInclude Include="Misc.h">
      <Filter>Tools</Filter>
    </ClInclude>
    <ClInclude Include="Authenticator.h">
      <Filter>Tools</Filter>
    </ClInclude>
    <ClInclude Include="Account.h">
      <Filter>Global_Entities</Filter>
    </ClInclude>
    <ClInclude Include="CLI.h">
      <Filter>Global_Entities</Filter>
    </ClInclude>
    <ClInclude Include="Db.h">
      <Filter>Global_Entities</Filter>
    </ClInclude>
    <ClInclude Include="Store.h">
      <Filter>Global_Entities</Filter>
    </ClInclude>
    <ClInclude Include="Logger.h">
      <Filter>Tools</Filter>
    </ClInclude>
  </ItemGroup>
  <ItemGroup>
    <None Include="ClassDiagram.cd" />
  </ItemGroup>
  <ItemGroup>
    <Text Include="CLI (Latest).txt">
      <Filter>Not_Used</Filter>
    </Text>
  </ItemGroup>
  <ItemGroup>
    <ClCompile Include="Store.cpp">
      <Filter>Source Files</Filter>
    </ClCompile>
  </ItemGroup>
</Project>